
Microsoft Visual Studio Solution File, Format Version 12.00
# Visual Studio Version 16
VisualStudioVersion = 16.0.31112.23
MinimumVisualStudioVersion = 10.0.40219.1
Project("{9A19103F-16F7-4668-BE54-9A1E7A4F7556}") = "FashionCo", "FashionCo\FashionCo.csproj", "{B20BE88E-342B-48D6-AB70-F4D438F97D3E}"
EndProject
Project("{9A19103F-16F7-4668-BE54-9A1E7A4F7556}") = "DataLibrary", "DataLibrary\DataLibrary.csproj", "{1A646B1C-C504-4372-A202-C24626415486}"
EndProject
Global
	GlobalSection(SolutionConfigurationPlatforms) = preSolution
		Debug|Any CPU = Debug|Any CPU
		Release|Any CPU = Release|Any CPU
	EndGlobalSection
	GlobalSection(ProjectConfigurationPlatforms) = postSolution
		{B20BE88E-342B-48D6-AB70-F4D438F97D3E}.Debug|Any CPU.ActiveCfg = Debug|Any CPU
		{B20BE88E-342B-48D6-AB70-F4D438F97D3E}.Debug|Any CPU.Build.0 = Debug|Any CPU
		{B20BE88E-342B-48D6-AB70-F4D438F97D3E}.Release|Any CPU.ActiveCfg = Release|Any CPU
		{B20BE88E-342B-48D6-AB70-F4D438F97D3E}.Release|Any CPU.Build.0 = Release|Any CPU
		{1A646B1C-C504-4372-A202-C24626415486}.Debug|Any CPU.ActiveCfg = Debug|Any CPU
		{1A646B1C-C504-4372-A202-C24626415486}.Debug|Any CPU.Build.0 = Debug|Any CPU
		{1A646B1C-C504-4372-A202-C24626415486}.Release|Any CPU.ActiveCfg = Release|Any CPU
		{1A646B1C-C504-4372-A202-C24626415486}.Release|Any CPU.Build.0 = Release|Any CPU
	EndGlobalSection
	GlobalSection(SolutionProperties) = preSolution
		HideSolutionNode = FALSE
	EndGlobalSection
	GlobalSection(ExtensibilityGlobals) = postSolution
		SolutionGuid = {02192648-07D9-4640-A037-71E2B0B449EB}
	EndGlobalSection
EndGlobal
